github.com/google/btree v1.0.1 h1:gK4Kx5IaGY9CD5sPJ36FHiBJ6ZXl0kilRiiCj+jdYp4=
github.com/google/btree v1.0.1/go.mod h1:xXMiIv4Fb/0kKde4SpL7qlzvu5cMJDRkFDxJfI9uaxA=
github.com/metacubex/gvisor v0.0.0-20230611153922-78842f086475 h1:qSEOvPPaMrWggFyFhFYGyMR8i1HKyhXjdi1QYUAa2ww=
github.com/metacubex/gvisor v0.0.0-20230611153922-78842f086475/go.mod h1:wehEpqiogdeyncfhckJP5gD2LtBgJW0wnDC24mJ+8Jg=
github.com/sagernet/sing v0.2.4-0.20230420044236-72471d9b35b5 h1:UtihSORXefZYQrGIssu65bP18VEgMGCNHdy60VHc14M=
github.com/sagernet/sing v0.2.4-0.20230420044236-72471d9b35b5/go.mod h1:Ta8nHnDLAwqySzKhGoKk4ZIB+vJ3GTKj7UPrWYvM+4w=
github.com/sagernet/wireguard-go v0.0.0-20230420044414-a7bac1754e77 h1:g6QtRWQ2dKX7EQP++1JLNtw4C2TNxd4/ov8YUpOPOSo=
github.com/sagernet/wireguard-go v0.0.0-20230420044414-a7bac1754e77/go.mod h1:pJDdXzZIwJ+2vmnT0TKzmf8meeum+e2mTDSehw79eE0=
golang.org/x/net v0.9.0 h1:aWJ/m6xSmxWBx+V0XRHTlrYrPG56jKsLdTFmsSsCzOM=
golang.org/x/net v0.9.0/go.mod h1:d48xBJpPfHeWQsugry2m+kC02ZBRGRgulfHnEXEuWns=
golang.org/x/sys v0.7.0 h1:3jlCCIQZPdOYu1h8BkNvLz8Kgwtae2cagcG/VamtZRU=
golang.org/x/sys v0.7.0/go.mod h1:oPkhp1MJrh7nUepCBck5+mAzfO9JrbApNNgaTdGDITg=
golang.org/x/time v0.0.0-20220210224613-90d013bbcef8 h1:vVKdlvoWBphwdxWKrFZEuM0kGgGLxUOYcY4U/2Vjg44=
golang.org/x/time v0.0.0-20220210224613-90d013bbcef8/go.mod h1:tRJNPiyCQ0inRvYxbN9jk5I+vvW/OXSQhTDSoE431IQ=
