github.com/google/btree v1.0.1 h1:gK4Kx5IaGY9CD5sPJ36FHiBJ6ZXl0kilRiiCj+jdYp4=
github.com/google/btree v1.0.1/go.mod h1:xXMiIv4Fb/0kKde4SpL7qlzvu5cMJDRkFDxJfI9uaxA=
github.com/metacubex/gvisor v0.0.0-20231001104248-0f672c3fb8d8 h1:npBvaPAT145UY8682AzpUMWpdIxJti/WPLjy7gCiYYs=
github.com/metacubex/gvisor v0.0.0-20231001104248-0f672c3fb8d8/go.mod h1:ZR6Gas7P1GcADCVBc1uOrA0bLQqDDyp70+63fD/BE2c=
github.com/sagernet/sing v0.2.12 h1:wwdLm3c4qvU4hW8tNtadh60V5z2FGlDZSYYGRzHhD74=
github.com/sagernet/sing v0.2.12/go.mod h1:GQ673iPfUnkbK/dIPkfd1Xh1MjOGo36gkl/mkiHY7Jg=
github.com/sagernet/wireguard-go v0.0.0-20230420044414-a7bac1754e77 h1:g6QtRWQ2dKX7EQP++1JLNtw4C2TNxd4/ov8YUpOPOSo=
github.com/sagernet/wireguard-go v0.0.0-20230420044414-a7bac1754e77/go.mod h1:pJDdXzZIwJ+2vmnT0TKzmf8meeum+e2mTDSehw79eE0=
golang.org/x/net v0.15.0 h1:ugBLEUaxABaB5AJqW9enI0ACdci2RUd4eP51NTBvuJ8=
golang.org/x/net v0.15.0/go.mod h1:idbUs1IY1+zTqbi8yxTbhexhEEk5ur9LInksu6HrEpk=
golang.org/x/sys v0.12.0 h1:CM0HF96J0hcLAwsHPJZjfdNzs0gftsLfgKt57wWHJ0o=
golang.org/x/sys v0.12.0/go.mod h1:oPkhp1MJrh7nUepCBck5+mAzfO9JrbApNNgaTdGDITg=
golang.org/x/time v0.0.0-20220210224613-90d013bbcef8 h1:vVKdlvoWBphwdxWKrFZEuM0kGgGLxUOYcY4U/2Vjg44=
golang.org/x/time v0.0.0-20220210224613-90d013bbcef8/go.mod h1:tRJNPiyCQ0inRvYxbN9jk5I+vvW/OXSQhTDSoE431IQ=
