github.com/davecgh/go-spew v1.1.1 h1:vj9j/u1bqnvCEfJOwUhtlOARqs3+rkHYY13jYWTU97c=
github.com/google/btree v1.1.3 h1:CVpQJjYgC4VbzxeGVHfvZrv1ctoYCAI8vbl07Fcxlyg=
github.com/google/btree v1.1.3/go.mod h1:qOPhT0dTNdNzV6Z/lhRX0YXUafgPLFUh+gZMl761Gm4=
github.com/metacubex/gvisor v0.0.0-20251227095601-261ec1326fe8 h1:hUL81H0Ic/XIDkvtn9M1pmfDdfid7JzYQToY4Ps1TvQ=
github.com/metacubex/gvisor v0.0.0-20251227095601-261ec1326fe8/go.mod h1:8LpS0IJW1VmWzUm3ylb0e2SK5QDm5lO/2qwWLZgRpBU=
github.com/metacubex/sing v0.5.7 h1:8OC+fhKFSv/l9ehEhJRaZZAOuthfZo68SteBVLe8QqM=
github.com/metacubex/sing v0.5.7/go.mod h1:ypf0mjwlZm0sKdQSY+yQvmsbWa0hNPtkeqyRMGgoN+w=
github.com/metacubex/wireguard-go v0.0.0-20250820062549-a6cecdd7f57f h1:FGBPRb1zUabhPhDrlKEjQ9lgIwQ6cHL4x8M9lrERhbk=
github.com/metacubex/wireguard-go v0.0.0-20250820062549-a6cecdd7f57f/go.mod h1:oPGcV994OGJedmmxrcK9+ni7jUEMGhR+uVQAdaduIP4=
github.com/pmezard/go-difflib v1.0.0 h1:4DBwDE0NGyQoBHbLQYPwSUPoCMWR5BEzIk/f1lZbAQM=
github.com/stretchr/testify v1.9.0 h1:HtqpIVDClZ4nwg75+f6Lvsy/wHu+3BoSGCbBAcpTsTg=
golang.org/x/net v0.35.0 h1:T5GQRQb2y08kTAByq9L4/bz8cipCdA8FbRTXewonqY8=
golang.org/x/net v0.35.0/go.mod h1:EglIi67kWsHKlRzzVMUD93VMSWGFOMSZgxFjparz1Qk=
golang.org/x/sys v0.30.0 h1:QjkSwP/36a20jFYWkSue1YwXzLmsV5Gfq7Eiy72C1uc=
golang.org/x/sys v0.30.0/go.mod h1:/VUhepiaJMQUp4+oa/7Zr1D23ma6VTLIYjOOTFZPUcA=
golang.org/x/time v0.7.0 h1:ntUhktv3OPE6TgYxXWv9vKvUSJyIFJlyohwbkEwPrKQ=
golang.org/x/time v0.7.0/go.mod h1:3BpzKBy/shNhVucY/MWOyx10tF3SFh9QdLuxbVysPQM=
gopkg.in/yaml.v3 v3.0.1 h1:fxVm/GzAzEWqLHuvctI91KS9hhNmmWOoWu0XTYJS7CA=
